{
  "originHash" : "3df239421fbb2527e6f7a13fd52def0ff07e75f046fa92943e32c3709bfb1a38",
  "pins" : [
    {
      "identity" : "swifter",
      "kind" : "remoteSourceControl",
      "location" : "https://github.com/httpswift/swifter.git",
      "state" : {
        "revision" : "9483a5d459b45c3ffd059f7b55f9638e268632fd",
        "version" : "1.5.0"
      }
    }
  ],
  "version" : 3
}
